
Microsoft Visual Studio Solution File, Format Version 12.00
# Visual Studio 15
VisualStudioVersion = 15.0.27703.2035
MinimumVisualStudioVersion = 10.0.40219.1
Project("{FAE04EC0-301F-11D3-BF4B-00C04F79EFBC}") = "06.Letters_Combinations", "06.Letters_Combinations\06.Letters_Combinations.csproj", "{2BE35505-ACED-4D48-B2B2-7D647FD8041E}"
EndProject
Global
	GlobalSection(SolutionConfigurationPlatforms) = preSolution
		Debug|Any CPU = Debug|Any CPU
		Release|Any CPU = Release|Any CPU
	EndGlobalSection
	GlobalSection(ProjectConfigurationPlatforms) = postSolution
		{2BE35505-ACED-4D48-B2B2-7D647FD8041E}.Debug|Any CPU.ActiveCfg = Debug|Any CPU
		{2BE35505-ACED-4D48-B2B2-7D647FD8041E}.Debug|Any CPU.Build.0 = Debug|Any CPU
		{2BE35505-ACED-4D48-B2B2-7D647FD8041E}.Release|Any CPU.ActiveCfg = Release|Any CPU
		{2BE35505-ACED-4D48-B2B2-7D647FD8041E}.Release|Any CPU.Build.0 = Release|Any CPU
	EndGlobalSection
	GlobalSection(SolutionProperties) = preSolution
		HideSolutionNode = FALSE
	EndGlobalSection
	GlobalSection(ExtensibilityGlobals) = postSolution
		SolutionGuid = {24960A35-F993-48D1-ADE4-6361139789EA}
	EndGlobalSection
EndGlobal
